{
  "name": "puta-vida-tete-main",
  "lockfileVersion": 3,
  "requires": true,
  "packages": {
    "": {
      "dependencies": {
        "@ionic/angular": "^7.1.0"
      }
    },
    "node_modules/@angular/common": {
      "version": "16.1.2",
      "resolved": "https://registry.npmjs.org/@angular/common/-/common-16.1.2.tgz",
      "integrity": "sha512-MrJ1CUKg4H8fH0Jc771gLceVcawBPjIM6TSLEM7DMeX7SZ6eSU9HAOCTHXBg7Kmb7ZS19G1BQBD/tkjivszk+Q==",
      "peer": true,
      "dependencies": {
        "tslib": "^2.3.0"
      },
      "engines": {
        "node": "^16.14.0 || >=18.10.0"
      },
      "peerDependencies": {
        "@angular/core": "16.1.2",
        "rxjs": "^6.5.3 || ^7.4.0"
      }
    },
    "node_modules/@angular/core": {
      "version": "16.1.2",
      "resolved": "https://registry.npmjs.org/@angular/core/-/core-16.1.2.tgz",
      "integrity": "sha512-1w8DcSY/ZJT6qBaZWZGNQ50YQ5Cffm7xXSIcjIZeQwQKRAZNlZ1O/pFEer1kvxkAbVsQH3Nf6kB6t8PkNFCWMg==",
      "peer": true,
      "dependencies": {
        "tslib": "^2.3.0"
      },
      "engines": {
        "node": "^16.14.0 || >=18.10.0"
      },
      "peerDependencies": {
        "rxjs": "^6.5.3 || ^7.4.0",
        "zone.js": "~0.13.0"
      }
    },
    "node_modules/@angular/forms": {
      "version": "16.1.2",
      "resolved": "https://registry.npmjs.org/@angular/forms/-/forms-16.1.2.tgz",
      "integrity": "sha512-OyAQRYE6B2NbucoE5KzmxkQqFFlcSnB8/LWS/J9KHGB1QkPdYJCuWSccypeo4YxgVjYCSvHDnO6jBiHDfwDBuQ==",
      "peer": true,
      "dependencies": {
        "tslib": "^2.3.0"
      },
      "engines": {
        "node": "^16.14.0 || >=18.10.0"
      },
      "peerDependencies": {
        "@angular/common": "16.1.2",
        "@angular/core": "16.1.2",
        "@angular/platform-browser": "16.1.2",
        "rxjs": "^6.5.3 || ^7.4.0"
      }
    },
    "node_modules/@angular/platform-browser": {
      "version": "16.1.2",
      "resolved": "https://registry.npmjs.org/@angular/platform-browser/-/platform-browser-16.1.2.tgz",
      "integrity": "sha512-jFelRYaVaD2F2ph+Z4tsQUxpw1gGiOU0t5i77srrHDtm+KXpERyYbnXQTog+6q+ScNtsB++0JNkiPQV6oOjtIw==",
      "peer": true,
      "dependencies": {
        "tslib": "^2.3.0"
      },
      "engines": {
        "node": "^16.14.0 || >=18.10.0"
      },
      "peerDependencies": {
        "@angular/animations": "16.1.2",
        "@angular/common": "16.1.2",
        "@angular/core": "16.1.2"
      },
      "peerDependenciesMeta": {
        "@angular/animations": {
          "optional": true
        }
      }
    },
    "node_modules/@angular/router": {
      "version": "16.1.2",
      "resolved": "https://registry.npmjs.org/@angular/router/-/router-16.1.2.tgz",
      "integrity": "sha512-0ZiEtJNwYUQewMXxMf2cNHl6N8ZroxC+WS7I6uq3QhPxhbiF0mThRyhRd158rfSVSLEFWKlyZbDQh1ECMSWhDQ==",
      "peer": true,
      "dependencies": {
        "tslib": "^2.3.0"
      },
      "engines": {
        "node": "^16.14.0 || >=18.10.0"
      },
      "peerDependencies": {
        "@angular/common": "16.1.2",
        "@angular/core": "16.1.2",
        "@angular/platform-browser": "16.1.2",
        "rxjs": "^6.5.3 || ^7.4.0"
      }
    },
    "node_modules/@ionic/angular": {
      "version": "7.1.0",
      "resolved": "https://registry.npmjs.org/@ionic/angular/-/angular-7.1.0.tgz",
      "integrity": "sha512-N5xRG2Wk7nr6OoQS7jzYzOVSFej0o+7PDPG31CKugF32457isYaa5uqaogaeO5DE0/MBEmRuo6sjDD5G5YkvJA==",
      "dependencies": {
        "@ionic/core": "7.1.0",
        "ionicons": "^7.0.0",
        "jsonc-parser": "^3.0.0",
        "tslib": "^2.3.0"
      },
      "peerDependencies": {
        "@angular/core": ">=14.0.0",
        "@angular/forms": ">=14.0.0",
        "@angular/router": ">=14.0.0",
        "rxjs": ">=7.5.0",
        "zone.js": ">=0.11.0"
      }
    },
    "node_modules/@ionic/core": {
      "version": "7.1.0",
      "resolved": "https://registry.npmjs.org/@ionic/core/-/core-7.1.0.tgz",
      "integrity": "sha512-1W8i9GLhuakeN2z9AeVSSll40BQC2HL4wEscqMM5aD/firotwbX3gdiiNgj2NkoNNgs2hsqcZOJe2sLcU39LTQ==",
      "dependencies": {
        "@stencil/core": "^3.4.0",
        "ionicons": "^7.1.0",
        "tslib": "^2.1.0"
      }
    },
    "node_modules/@stencil/core": {
      "version": "3.4.0",
      "resolved": "https://registry.npmjs.org/@stencil/core/-/core-3.4.0.tgz",
      "integrity": "sha512-kEtPtV6QegME8YgMjWrhS7KktItbhqOpAuK9aXypDdI/7bLU9iM/4DtnQGWY/DARBophk+XRBfNXcE62Bmi0dw==",
      "bin": {
        "stencil": "bin/stencil"
      },
      "engines": {
        "node": ">=14.10.0",
        "npm": ">=6.0.0"
      }
    },
    "node_modules/ionicons": {
      "version": "7.1.2",
      "resolved": "https://registry.npmjs.org/ionicons/-/ionicons-7.1.2.tgz",
      "integrity": "sha512-zZ4njAqSP39H8RRvZhJvkHsv7cBjYE/VfInH218Osf2UVxJITSOutTTd25MW+tAXKN5fheYzclUXUsF55JHUDg==",
      "dependencies": {
        "@stencil/core": "^2.18.0"
      }
    },
    "node_modules/ionicons/node_modules/@stencil/core": {
      "version": "2.22.3",
      "resolved": "https://registry.npmjs.org/@stencil/core/-/core-2.22.3.tgz",
      "integrity": "sha512-kmVA0M/HojwsfkeHsifvHVIYe4l5tin7J5+DLgtl8h6WWfiMClND5K3ifCXXI2ETDNKiEk21p6jql3Fx9o2rng==",
      "bin": {
        "stencil": "bin/stencil"
      },
      "engines": {
        "node": ">=12.10.0",
        "npm": ">=6.0.0"
      }
    },
    "node_modules/jsonc-parser": {
      "version": "3.2.0",
      "resolved": "https://registry.npmjs.org/jsonc-parser/-/jsonc-parser-3.2.0.tgz",
      "integrity": "sha512-gfFQZrcTc8CnKXp6Y4/CBT3fTc0OVuDofpre4aEeEpSBPV5X5v4+Vmx+8snU7RLPrNHPKSgLxGo9YuQzz20o+w=="
    },
    "node_modules/rxjs": {
      "version": "7.8.1",
      "resolved": "https://registry.npmjs.org/rxjs/-/rxjs-7.8.1.tgz",
      "integrity": "sha512-AA3TVj+0A2iuIoQkWEK/tqFjBq2j+6PO6Y0zJcvzLAFhEFIO3HL0vls9hWLncZbAAbK0mar7oZ4V079I/qPMxg==",
      "peer": true,
      "dependencies": {
        "tslib": "^2.1.0"
      }
    },
    "node_modules/tslib": {
      "version": "2.5.3",
      "resolved": "https://registry.npmjs.org/tslib/-/tslib-2.5.3.tgz",
      "integrity": "sha512-mSxlJJwl3BMEQCUNnxXBU9jP4JBktcEGhURcPR6VQVlnP0FdDEsIaz0C35dXNGLyRfrATNofF0F5p2KPxQgB+w=="
    },
    "node_modules/zone.js": {
      "version": "0.13.1",
      "resolved": "https://registry.npmjs.org/zone.js/-/zone.js-0.13.1.tgz",
      "integrity": "sha512-+bIeDAFEBYuXRuU3qGQvzdPap+N1zjM4KkBAiiQuVVCrHrhjDuY6VkUhNa5+U27+9w0q3fbKiMCbpJ0XzMmSWA==",
      "peer": true,
      "dependencies": {
        "tslib": "^2.3.0"
      }
    }
  }
}
